
Microsoft Visual Studio Solution File, Format Version 12.00
# Visual Studio 15
VisualStudioVersion = 15.0.26730.15
MinimumVisualStudioVersion = 10.0.40219.1
Project("{FAE04EC0-301F-11D3-BF4B-00C04F79EFBC}") = "CommunicationDevice.App", "CommunicationDevice.App\CommunicationDevice.App.csproj", "{C1912C02-AAF4-4EA1-A0DA-0D0F788CB6A6}"
EndProject
Project("{FAE04EC0-301F-11D3-BF4B-00C04F79EFBC}") = "CommunicationDevice.Test", "CommunicationDevice.Test\CommunicationDevice.Test.csproj", "{FBCEAF0F-0CD1-484A-98A0-7F46BE3119CD}"
EndProject
Global
	GlobalSection(SolutionConfigurationPlatforms) = preSolution
		Debug|Any CPU = Debug|Any CPU
		Release|Any CPU = Release|Any CPU
	EndGlobalSection
	GlobalSection(ProjectConfigurationPlatforms) = postSolution
		{C1912C02-AAF4-4EA1-A0DA-0D0F788CB6A6}.Debug|Any CPU.ActiveCfg = Debug|Any CPU
		{C1912C02-AAF4-4EA1-A0DA-0D0F788CB6A6}.Debug|Any CPU.Build.0 = Debug|Any CPU
		{C1912C02-AAF4-4EA1-A0DA-0D0F788CB6A6}.Release|Any CPU.ActiveCfg = Release|Any CPU
		{C1912C02-AAF4-4EA1-A0DA-0D0F788CB6A6}.Release|Any CPU.Build.0 = Release|Any CPU
		{FBCEAF0F-0CD1-484A-98A0-7F46BE3119CD}.Debug|Any CPU.ActiveCfg = Debug|Any CPU
		{FBCEAF0F-0CD1-484A-98A0-7F46BE3119CD}.Debug|Any CPU.Build.0 = Debug|Any CPU
		{FBCEAF0F-0CD1-484A-98A0-7F46BE3119CD}.Release|Any CPU.ActiveCfg = Release|Any CPU
		{FBCEAF0F-0CD1-484A-98A0-7F46BE3119CD}.Release|Any CPU.Build.0 = Release|Any CPU
	EndGlobalSection
	GlobalSection(SolutionProperties) = preSolution
		HideSolutionNode = FALSE
	EndGlobalSection
	GlobalSection(ExtensibilityGlobals) = postSolution
		SolutionGuid = {F0A4969F-514A-4A45-BB32-E5E6C4AEB5E2}
	EndGlobalSection
EndGlobal
